{
  "version": 4,
  "terraform_version": "1.16.1",
  "serial": 9,
  "lineage": "6f269c5c-ffe0-5a80-c01b-98361ca9e606",
  "outputs": {},
  "resources": [
    {
      "mode": "managed",
      "type": "kafka_topic",
      "name": "name",
      "provider": "provider[\"registry.terraform.io/mongey/kafka\"]",
      "instances": [
        {
          "schema_version": 0,
          "attributes": {
            "config": {
              "retention.ms": "6048000000"
            },
            "id": "user.social",
            "name": "user.social",
            "partitions": 4,
            "replication_factor": 1
          },
          "sensitive_attributes": [],
          "identity_schema_version": 0,
          "private": "bnVsbA=="
        }
      ]
    }
  ],
  "check_results": null
}
